
Microsoft Visual Studio Solution File, Format Version 12.00
# Visual Studio Version 16
VisualStudioVersion = 16.0.31205.134
MinimumVisualStudioVersion = 10.0.40219.1
Project("{FAE04EC0-301F-11D3-BF4B-00C04F79EFBC}") = "Entities", "Entities\Entities.csproj", "{33079224-4DAF-4C3D-87D4-D42F504387E2}"
EndProject
Project("{FAE04EC0-301F-11D3-BF4B-00C04F79EFBC}") = "Business", "Business\Business.csproj", "{243F3612-E4B2-4C7C-B2EB-703E3045889E}"
EndProject
Project("{FAE04EC0-301F-11D3-BF4B-00C04F79EFBC}") = "Core", "Core\Core.csproj", "{4BDEFD72-8920-4FBF-85CC-5EE7C5D2EBBB}"
EndProject
Project("{FAE04EC0-301F-11D3-BF4B-00C04F79EFBC}") = "DataAccess", "DataAccess\DataAccess.csproj", "{5FA8FEF8-612A-4ED8-B86A-92DECA536DA1}"
EndProject
Project("{FAE04EC0-301F-11D3-BF4B-00C04F79EFBC}") = "WebAPII", "WebAPII\WebAPII.csproj", "{E03E72C0-E32F-4B68-B18C-6D55527B9BA7}"
EndProject
Global
	GlobalSection(SolutionConfigurationPlatforms) = preSolution
		Debug|Any CPU = Debug|Any CPU
		Release|Any CPU = Release|Any CPU
	EndGlobalSection
	GlobalSection(ProjectConfigurationPlatforms) = postSolution
		{33079224-4DAF-4C3D-87D4-D42F504387E2}.Debug|Any CPU.ActiveCfg = Debug|Any CPU
		{33079224-4DAF-4C3D-87D4-D42F504387E2}.Debug|Any CPU.Build.0 = Debug|Any CPU
		{33079224-4DAF-4C3D-87D4-D42F504387E2}.Release|Any CPU.ActiveCfg = Release|Any CPU
		{33079224-4DAF-4C3D-87D4-D42F504387E2}.Release|Any CPU.Build.0 = Release|Any CPU
		{243F3612-E4B2-4C7C-B2EB-703E3045889E}.Debug|Any CPU.ActiveCfg = Debug|Any CPU
		{243F3612-E4B2-4C7C-B2EB-703E3045889E}.Debug|Any CPU.Build.0 = Debug|Any CPU
		{243F3612-E4B2-4C7C-B2EB-703E3045889E}.Release|Any CPU.ActiveCfg = Release|Any CPU
		{243F3612-E4B2-4C7C-B2EB-703E3045889E}.Release|Any CPU.Build.0 = Release|Any CPU
		{4BDEFD72-8920-4FBF-85CC-5EE7C5D2EBBB}.Debug|Any CPU.ActiveCfg = Debug|Any CPU
		{4BDEFD72-8920-4FBF-85CC-5EE7C5D2EBBB}.Debug|Any CPU.Build.0 = Debug|Any CPU
		{4BDEFD72-8920-4FBF-85CC-5EE7C5D2EBBB}.Release|Any CPU.ActiveCfg = Release|Any CPU
		{4BDEFD72-8920-4FBF-85CC-5EE7C5D2EBBB}.Release|Any CPU.Build.0 = Release|Any CPU
		{5FA8FEF8-612A-4ED8-B86A-92DECA536DA1}.Debug|Any CPU.ActiveCfg = Debug|Any CPU
		{5FA8FEF8-612A-4ED8-B86A-92DECA536DA1}.Debug|Any CPU.Build.0 = Debug|Any CPU
		{5FA8FEF8-612A-4ED8-B86A-92DECA536DA1}.Release|Any CPU.ActiveCfg = Release|Any CPU
		{5FA8FEF8-612A-4ED8-B86A-92DECA536DA1}.Release|Any CPU.Build.0 = Release|Any CPU
		{E03E72C0-E32F-4B68-B18C-6D55527B9BA7}.Debug|Any CPU.ActiveCfg = Debug|Any CPU
		{E03E72C0-E32F-4B68-B18C-6D55527B9BA7}.Debug|Any CPU.Build.0 = Debug|Any CPU
		{E03E72C0-E32F-4B68-B18C-6D55527B9BA7}.Release|Any CPU.ActiveCfg = Release|Any CPU
		{E03E72C0-E32F-4B68-B18C-6D55527B9BA7}.Release|Any CPU.Build.0 = Release|Any CPU
	EndGlobalSection
	GlobalSection(SolutionProperties) = preSolution
		HideSolutionNode = FALSE
	EndGlobalSection
	GlobalSection(ExtensibilityGlobals) = postSolution
		SolutionGuid = {ACF2D6D3-D20F-4C46-B0EF-800431DEE037}
	EndGlobalSection
EndGlobal
